// !$*UTF8*$!
{
	archiveVersion = 1;
	classes = {
	};
	objectVersion = 77;
	objects = {

/* Begin PBXContainerItemProxy section */
		61523B3D2D959DD700887FEF /* PBXContainerItemProxy */ = {
			isa = PBXContainerItemProxy;
			containerPortal = 61523B242D959DD400887FEF /* Project object */;
			proxyType = 1;
			remoteGlobalIDString = 61523B2B2D959DD400887FEF;
			remoteInfo = EatWell;
		};
		61523B472D959DD700887FEF /* PBXContainerItemProxy */ = {
			isa = PBXContainerItemProxy;
			containerPortal = 61523B242D959DD400887FEF /* Project object */;
			proxyType = 1;
			remoteGlobalIDString = 61523B2B2D959DD400887FEF;
			remoteInfo = EatWell;
		};
/* End PBXContainerItemProxy section */

/* Begin PBXFileReference section */
		61523B2C2D959DD400887FEF /* EatWell.app */ = {isa = PBXFileReference; explicitFileType = wrapper.application; includeInIndex = 0; path = EatWell.app; sourceTree = BUILT_PRODUCTS_DIR; };
		61523B3C2D959DD700887FEF /* EatWellTests.xctest */ = {isa = PBXFileReference; explicitFileType = wrapper.cfbundle; includeInIndex = 0; path = EatWellTests.xctest; sourceTree = BUILT_PRODUCTS_DIR; };
		61523B462D959DD700887FEF /* EatWellUITests.xctest */ = {isa = PBXFileReference; explicitFileType = wrapper.cfbundle; includeInIndex = 0; path = EatWellUITests.xctest; sourceTree = BUILT_PRODUCTS_DIR; };
/* End PBXFileReference section */

/* Begin PBXFileSystemSynchronizedBuildFileExceptionSet section */
		61A23D922E060996006AF4C7 /* Exceptions for "EatWell" folder in "EatWell" target */ = {
			isa = PBXFileSystemSynchronizedBuildFileExceptionSet;
			membershipExceptions = (
				.gitignore,
				Assets.xcassets,
				EatWellApp.swift,
				Models/Appointment.swift,
				Models/Dietitian.swift,
				Models/Meal.swift,
				Models/NewAppointment.swift,
				Models/RecipeMeal.swift,
				Models/ResetPasswordData.swift,
				Models/UserCredentials.swift,
				Models/UserProfile.swift,
				"Preview Content/Preview Assets.xcassets",
				Style.swift,
				ViewModels/AppointmentListViewModel.swift,
				ViewModels/AppointmentViewModel.swift,
				ViewModels/AuthViewModel.swift,
				ViewModels/DashboardViewModel.swift,
				ViewModels/MealPlanViewModel.swift,
				ViewModels/MealRecipesViewModel.swift,
				ViewModels/ProfileSetupViewModel.swift,
				ViewModels/ProfileViewModel.swift,
				ViewModels/ResetPasswordViewModel.swift,
				ViewModels/SplashViewModel.swift,
				views/AppointmentList/AppointmentCard.swift,
				views/AppointmentList/AppointmentListView.swift,
				views/AppointmentView/AppointmentView.swift,
				views/AppointmentView/DietitianCard.swift,
				views/AuthView.swift,
				views/BaseView.swift,
				views/Components/CustomButton.swift,
				views/Components/CustomSecureField.swift,
				views/Components/CustomTextField.swift,
				views/Components/InfoBox.swift,
				views/ContentView.swift,
				views/Dashboard/AccessCard.swift,
				views/Dashboard/DashboardView.swift,
				views/Dashboard/InfoCard.swift,
				views/Dashboard/MotivationCard.swift,
				views/MealPlan/MealCard.swift,
				views/MealPlan/MealPlanView.swift,
				views/MealPlan/MealSection.swift,
				views/MealPlan/NutritionInfo.swift,
				views/MealRecipes/MealRecipesView.swift,
				views/MealRecipes/RecipeCard.swift,
				views/Profile/ProfileInfoCard.swift,
				views/Profile/ProfileRow.swift,
				views/Profile/ProfileView.swift,
				views/ProfileSetupView.swift,
				views/ResetPasswordView.swift,
				views/SplashView.swift,
			);
			target = 61523B2B2D959DD400887FEF /* EatWell */;
		};
		61A23D932E060996006AF4C7 /* Exceptions for "EatWell" folder in "EatWellTests" target */ = {
			isa = PBXFileSystemSynchronizedBuildFileExceptionSet;
			membershipExceptions = (
				.gitignore,
				Assets.xcassets,
				EatWellApp.swift,
				Models/Appointment.swift,
				Models/Dietitian.swift,
				Models/Meal.swift,
				Models/NewAppointment.swift,
				Models/RecipeMeal.swift,
				Models/ResetPasswordData.swift,
				Models/UserCredentials.swift,
				Models/UserProfile.swift,
				"Preview Content/Preview Assets.xcassets",
				Style.swift,
				ViewModels/AppointmentListViewModel.swift,
				ViewModels/AppointmentViewModel.swift,
				ViewModels/AuthViewModel.swift,
				ViewModels/DashboardViewModel.swift,
				ViewModels/MealPlanViewModel.swift,
				ViewModels/MealRecipesViewModel.swift,
				ViewModels/ProfileViewModel.swift,
				ViewModels/ResetPasswordViewModel.swift,
				ViewModels/SplashViewModel.swift,
				views/AppointmentList/AppointmentCard.swift,
				views/AppointmentList/AppointmentListView.swift,
				views/AppointmentView/AppointmentView.swift,
				views/AppointmentView/DietitianCard.swift,
				views/AuthView.swift,
				views/BaseView.swift,
				views/Components/CustomButton.swift,
				views/Components/CustomSecureField.swift,
				views/Components/CustomTextField.swift,
				views/Components/InfoBox.swift,
				views/ContentView.swift,
				views/Dashboard/AccessCard.swift,
				views/Dashboard/DashboardView.swift,
				views/Dashboard/InfoCard.swift,
				views/Dashboard/MotivationCard.swift,
				views/MealPlan/MealCard.swift,
				views/MealPlan/MealPlanView.swift,
				views/MealPlan/MealSection.swift,
				views/MealPlan/NutritionInfo.swift,
				views/MealRecipes/MealRecipesView.swift,
				views/MealRecipes/RecipeCard.swift,
				views/Profile/ProfileInfoCard.swift,
				views/Profile/ProfileRow.swift,
				views/Profile/ProfileView.swift,
				views/ProfileSetupView.swift,
				views/ResetPasswordView.swift,
				views/SplashView.swift,
			);
			target = 61523B3B2D959DD700887FEF /* EatWellTests */;
		};
/* End PBXFileSystemSynchronizedBuildFileExceptionSet section */

/* Begin PBXFileSystemSynchronizedRootGroup section */
		614785582DE3D60A00F0FE3A /* EatWell */ = {
			isa = PBXFileSystemSynchronizedRootGroup;
			exceptions = (
				61A23D922E060996006AF4C7 /* Exceptions for "EatWell" folder in "EatWell" target */,
				61A23D932E060996006AF4C7 /* Exceptions for "EatWell" folder in "EatWellTests" target */,
			);
			path = EatWell;
			sourceTree = "<group>";
		};
		61523B3F2D959DD700887FEF /* EatWellTests */ = {
			isa = PBXFileSystemSynchronizedRootGroup;
			path = EatWellTests;
			sourceTree = "<group>";
		};
		61523B492D959DD700887FEF /* EatWellUITests */ = {
			isa = PBXFileSystemSynchronizedRootGroup;
			path = EatWellUITests;
			sourceTree = "<group>";
		};
/* End PBXFileSystemSynchronizedRootGroup section */

/* Begin PBXFrameworksBuildPhase section */
		61523B292D959DD400887FEF /* Frameworks */ = {
			isa = PBXFrameworksBuildPhase;
			buildActionMask = 2147483647;
			files = (
			);
			runOnlyForDeploymentPostprocessing = 0;
		};
		61523B392D959DD700887FEF /* Frameworks */ = {
			isa = PBXFrameworksBuildPhase;
			buildActionMask = 2147483647;
			files = (
			);
			runOnlyForDeploymentPostprocessing = 0;
		};
		61523B432D959DD700887FEF /* Frameworks */ = {
			isa = PBXFrameworksBuildPhase;
			buildActionMask = 2147483647;
			files = (
			);
			runOnlyForDeploymentPostprocessing = 0;
		};
/* End PBXFrameworksBuildPhase section */

/* Begin PBXGroup section */
		61523B232D959DD400887FEF = {
			isa = PBXGroup;
			children = (
				614785582DE3D60A00F0FE3A /* EatWell */,
				61523B3F2D959DD700887FEF /* EatWellTests */,
				61523B492D959DD700887FEF /* EatWellUITests */,
				61523B2D2D959DD400887FEF /* Products */,
			);
			sourceTree = "<group>";
		};
		61523B2D2D959DD400887FEF /* Products */ = {
			isa = PBXGroup;
			children = (
				61523B2C2D959DD400887FEF /* EatWell.app */,
				61523B3C2D959DD700887FEF /* EatWellTests.xctest */,
				61523B462D959DD700887FEF /* EatWellUITests.xctest */,
			);
			name = Products;
			sourceTree = "<group>";
		};
/* End PBXGroup section */

/* Begin PBXNativeTarget section */
		61523B2B2D959DD400887FEF /* EatWell */ = {
			isa = PBXNativeTarget;
			buildConfigurationList = 61523B502D959DD700887FEF /* Build configuration list for PBXNativeTarget "EatWell" */;
			buildPhases = (
				61523B282D959DD400887FEF /* Sources */,
				61523B292D959DD400887FEF /* Frameworks */,
				61523B2A2D959DD400887FEF /* Resources */,
			);
			buildRules = (
			);
			dependencies = (
			);
			name = EatWell;
			packageProductDependencies = (
			);
			productName = EatWell;
			productReference = 61523B2C2D959DD400887FEF /* EatWell.app */;
			productType = "com.apple.product-type.application";
		};
		61523B3B2D959DD700887FEF /* EatWellTests */ = {
			isa = PBXNativeTarget;
			buildConfigurationList = 61523B532D959DD700887FEF /* Build configuration list for PBXNativeTarget "EatWellTests" */;
			buildPhases = (
				61523B382D959DD700887FEF /* Sources */,
				61523B392D959DD700887FEF /* Frameworks */,
				61523B3A2D959DD700887FEF /* Resources */,
			);
			buildRules = (
			);
			dependencies = (
				61523B3E2D959DD700887FEF /* PBXTargetDependency */,
			);
			fileSystemSynchronizedGroups = (
				614785582DE3D60A00F0FE3A /* EatWell */,
				61523B3F2D959DD700887FEF /* EatWellTests */,
			);
			name = EatWellTests;
			packageProductDependencies = (
			);
			productName = EatWellTests;
			productReference = 61523B3C2D959DD700887FEF /* EatWellTests.xctest */;
			productType = "com.apple.product-type.bundle.unit-test";
		};
		61523B452D959DD700887FEF /* EatWellUITests */ = {
			isa = PBXNativeTarget;
			buildConfigurationList = 61523B562D959DD700887FEF /* Build configuration list for PBXNativeTarget "EatWellUITests" */;
			buildPhases = (
				61523B422D959DD700887FEF /* Sources */,
				61523B432D959DD700887FEF /* Frameworks */,
				61523B442D959DD700887FEF /* Resources */,
			);
			buildRules = (
			);
			dependencies = (
				61523B482D959DD700887FEF /* PBXTargetDependency */,
			);
			fileSystemSynchronizedGroups = (
				61523B492D959DD700887FEF /* EatWellUITests */,
			);
			name = EatWellUITests;
			packageProductDependencies = (
			);
			productName = EatWellUITests;
			productReference = 61523B462D959DD700887FEF /* EatWellUITests.xctest */;
			productType = "com.apple.product-type.bundle.ui-testing";
		};
/* End PBXNativeTarget section */

/* Begin PBXProject section */
		61523B242D959DD400887FEF /* Project object */ = {
			isa = PBXProject;
			attributes = {
				BuildIndependentTargetsInParallel = 1;
				LastSwiftUpdateCheck = 1620;
				LastUpgradeCheck = 1620;
				TargetAttributes = {
					61523B2B2D959DD400887FEF = {
						CreatedOnToolsVersion = 16.2;
					};
					61523B3B2D959DD700887FEF = {
						CreatedOnToolsVersion = 16.2;
						TestTargetID = 61523B2B2D959DD400887FEF;
					};
					61523B452D959DD700887FEF = {
						CreatedOnToolsVersion = 16.2;
						TestTargetID = 61523B2B2D959DD400887FEF;
					};
				};
			};
			buildConfigurationList = 61523B272D959DD400887FEF /* Build configuration list for PBXProject "EatWell" */;
			developmentRegion = en;
			hasScannedForEncodings = 0;
			knownRegions = (
				en,
				Base,
			);
			mainGroup = 61523B232D959DD400887FEF;
			minimizedProjectReferenceProxies = 1;
			preferredProjectObjectVersion = 77;
			productRefGroup = 61523B2D2D959DD400887FEF /* Products */;
			projectDirPath = "";
			projectRoot = "";
			targets = (
				61523B2B2D959DD400887FEF /* EatWell */,
				61523B3B2D959DD700887FEF /* EatWellTests */,
				61523B452D959DD700887FEF /* EatWellUITests */,
			);
		};
/* End PBXProject section */

/* Begin PBXResourcesBuildPhase section */
		61523B2A2D959DD400887FEF /* Resources */ = {
			isa = PBXResourcesBuildPhase;
			buildActionMask = 2147483647;
			files = (
			);
			runOnlyForDeploymentPostprocessing = 0;
		};
		61523B3A2D959DD700887FEF /* Resources */ = {
			isa = PBXResourcesBuildPhase;
			buildActionMask = 2147483647;
			files = (
			);
			runOnlyForDeploymentPostprocessing = 0;
		};
		61523B442D959DD700887FEF /* Resources */ = {
			isa = PBXResourcesBuildPhase;
			buildActionMask = 2147483647;
			files = (
			);
			runOnlyForDeploymentPostprocessing = 0;
		};
/* End PBXResourcesBuildPhase section */

/* Begin PBXSourcesBuildPhase section */
		61523B282D959DD400887FEF /* Sources */ = {
			isa = PBXSourcesBuildPhase;
			buildActionMask = 2147483647;
			files = (
			);
			runOnlyForDeploymentPostprocessing = 0;
		};
		61523B382D959DD700887FEF /* Sources */ = {
			isa = PBXSourcesBuildPhase;
			buildActionMask = 2147483647;
			files = (
			);
			runOnlyForDeploymentPostprocessing = 0;
		};
		61523B422D959DD700887FEF /* Sources */ = {
			isa = PBXSourcesBuildPhase;
			buildActionMask = 2147483647;
			files = (
			);
			runOnlyForDeploymentPostprocessing = 0;
		};
/* End PBXSourcesBuildPhase section */

/* Begin PBXTargetDependency section */
		61523B3E2D959DD700887FEF /* PBXTargetDependency */ = {
			isa = PBXTargetDependency;
			target = 61523B2B2D959DD400887FEF /* EatWell */;
			targetProxy = 61523B3D2D959DD700887FEF /* PBXContainerItemProxy */;
		};
		61523B482D959DD700887FEF /* PBXTargetDependency */ = {
			isa = PBXTargetDependency;
			target = 61523B2B2D959DD400887FEF /* EatWell */;
			targetProxy = 61523B472D959DD700887FEF /* PBXContainerItemProxy */;
		};
/* End PBXTargetDependency section */

/* Begin XCBuildConfiguration section */
		61523B4E2D959DD700887FEF /* Debug */ = {
			isa = XCBuildConfiguration;
			buildSettings = {
				ALWAYS_SEARCH_USER_PATHS = NO;
				ASSETCATALOG_COMPILER_GENERATE_SWIFT_ASSET_SYMBOL_EXTENSIONS = YES;
				CLANG_ANALYZER_NONNULL = YES;
				CLANG_ANALYZER_NUMBER_OBJECT_CONVERSION = YES_AGGRESSIVE;
				CLANG_CXX_LANGUAGE_STANDARD = "gnu++20";
				CLANG_ENABLE_MODULES = YES;
				CLANG_ENABLE_OBJC_ARC = YES;
				CLANG_ENABLE_OBJC_WEAK = YES;
				CLANG_WARN_BLOCK_CAPTURE_AUTORELEASING = YES;
				CLANG_WARN_BOOL_CONVERSION = YES;
				CLANG_WARN_COMMA = YES;
				CLANG_WARN_CONSTANT_CONVERSION = YES;
				CLANG_WARN_DEPRECATED_OBJC_IMPLEMENTATIONS = YES;
				CLANG_WARN_DIRECT_OBJC_ISA_USAGE = YES_ERROR;
				CLANG_WARN_DOCUMENTATION_COMMENTS = YES;
				CLANG_WARN_EMPTY_BODY = YES;
				CLANG_WARN_ENUM_CONVERSION = YES;
				CLANG_WARN_INFINITE_RECURSION = YES;
				CLANG_WARN_INT_CONVERSION = YES;
				CLANG_WARN_NON_LITERAL_NULL_CONVERSION = YES;
				CLANG_WARN_OBJC_IMPLICIT_RETAIN_SELF = YES;
				CLANG_WARN_OBJC_LITERAL_CONVERSION = YES;
				CLANG_WARN_OBJC_ROOT_CLASS = YES_ERROR;
				CLANG_WARN_QUOTED_INCLUDE_IN_FRAMEWORK_HEADER = YES;
				CLANG_WARN_RANGE_LOOP_ANALYSIS = YES;
				CLANG_WARN_STRICT_PROTOTYPES = YES;
				CLANG_WARN_SUSPICIOUS_MOVE = YES;
				CLANG_WARN_UNGUARDED_AVAILABILITY = YES_AGGRESSIVE;
				CLANG_WARN_UNREACHABLE_CODE = YES;
				CLANG_WARN__DUPLICATE_METHOD_MATCH = YES;
				COPY_PHASE_STRIP = NO;
				DEBUG_INFORMATION_FORMAT = dwarf;
				ENABLE_STRICT_OBJC_MSGSEND = YES;
				ENABLE_TESTABILITY = YES;
				ENABLE_USER_SCRIPT_SANDBOXING = YES;
				GCC_C_LANGUAGE_STANDARD = gnu17;
				GCC_DYNAMIC_NO_PIC = NO;
				GCC_NO_COMMON_BLOCKS = YES;
				GCC_OPTIMIZATION_LEVEL = 0;
				GCC_PREPROCESSOR_DEFINITIONS = (
					"DEBUG=1",
					"$(inherited)",
				);
				GCC_WARN_64_TO_32_BIT_CONVERSION = YES;
				GCC_WARN_ABOUT_RETURN_TYPE = YES_ERROR;
				GCC_WARN_UNDECLARED_SELECTOR = YES;
				GCC_WARN_UNINITIALIZED_AUTOS = YES_AGGRESSIVE;
				GCC_WARN_UNUSED_FUNCTION = YES;
				GCC_WARN_UNUSED_VARIABLE = YES;
				IPHONEOS_DEPLOYMENT_TARGET = 18.2;
				LOCALIZATION_PREFERS_STRING_CATALOGS = YES;
				MTL_ENABLE_DEBUG_INFO = INCLUDE_SOURCE;
				MTL_FAST_MATH = YES;
				ONLY_ACTIVE_ARCH = YES;
				SDKROOT = iphoneos;
				SWIFT_ACTIVE_COMPILATION_CONDITIONS = "DEBUG $(inherited)";
				SWIFT_OPTIMIZATION_LEVEL = "-Onone";
			};
			name = Debug;
		};
		61523B4F2D959DD700887FEF /* Release */ = {
			isa = XCBuildConfiguration;
			buildSettings = {
				ALWAYS_SEARCH_USER_PATHS = NO;
				ASSETCATALOG_COMPILER_GENERATE_SWIFT_ASSET_SYMBOL_EXTENSIONS = YES;
				CLANG_ANALYZER_NONNULL = YES;
				CLANG_ANALYZER_NUMBER_OBJECT_CONVERSION = YES_AGGRESSIVE;
				CLANG_CXX_LANGUAGE_STANDARD = "gnu++20";
				CLANG_ENABLE_MODULES = YES;
				CLANG_ENABLE_OBJC_ARC = YES;
				CLANG_ENABLE_OBJC_WEAK = YES;
				CLANG_WARN_BLOCK_CAPTURE_AUTORELEASING = YES;
				CLANG_WARN_BOOL_CONVERSION = YES;
				CLANG_WARN_COMMA = YES;
				CLANG_WARN_CONSTANT_CONVERSION = YES;
				CLANG_WARN_DEPRECATED_OBJC_IMPLEMENTATIONS = YES;
				CLANG_WARN_DIRECT_OBJC_ISA_USAGE = YES_ERROR;
				CLANG_WARN_DOCUMENTATION_COMMENTS = YES;
				CLANG_WARN_EMPTY_BODY = YES;
				CLANG_WARN_ENUM_CONVERSION = YES;
				CLANG_WARN_INFINITE_RECURSION = YES;
				CLANG_WARN_INT_CONVERSION = YES;
				CLANG_WARN_NON_LITERAL_NULL_CONVERSION = YES;
				CLANG_WARN_OBJC_IMPLICIT_RETAIN_SELF = YES;
				CLANG_WARN_OBJC_LITERAL_CONVERSION = YES;
				CLANG_WARN_OBJC_ROOT_CLASS = YES_ERROR;
				CLANG_WARN_QUOTED_INCLUDE_IN_FRAMEWORK_HEADER = YES;
				CLANG_WARN_RANGE_LOOP_ANALYSIS = YES;
				CLANG_WARN_STRICT_PROTOTYPES = YES;
				CLANG_WARN_SUSPICIOUS_MOVE = YES;
				CLANG_WARN_UNGUARDED_AVAILABILITY = YES_AGGRESSIVE;
				CLANG_WARN_UNREACHABLE_CODE = YES;
				CLANG_WARN__DUPLICATE_METHOD_MATCH = YES;
				COPY_PHASE_STRIP = NO;
				DEBUG_INFORMATION_FORMAT = "dwarf-with-dsym";
				ENABLE_NS_ASSERTIONS = NO;
				ENABLE_STRICT_OBJC_MSGSEND = YES;
				ENABLE_USER_SCRIPT_SANDBOXING = YES;
				GCC_C_LANGUAGE_STANDARD = gnu17;
				GCC_NO_COMMON_BLOCKS = YES;
				GCC_WARN_64_TO_32_BIT_CONVERSION = YES;
				GCC_WARN_ABOUT_RETURN_TYPE = YES_ERROR;
				GCC_WARN_UNDECLARED_SELECTOR = YES;
				GCC_WARN_UNINITIALIZED_AUTOS = YES_AGGRESSIVE;
				GCC_WARN_UNUSED_FUNCTION = YES;
				GCC_WARN_UNUSED_VARIABLE = YES;
				IPHONEOS_DEPLOYMENT_TARGET = 18.2;
				LOCALIZATION_PREFERS_STRING_CATALOGS = YES;
				MTL_ENABLE_DEBUG_INFO = NO;
				MTL_FAST_MATH = YES;
				SDKROOT = iphoneos;
				SWIFT_COMPILATION_MODE = wholemodule;
				VALIDATE_PRODUCT = YES;
			};
			name = Release;
		};
		61523B512D959DD700887FEF /* Debug */ = {
			isa = XCBuildConfiguration;
			buildSettings = {
				ASSETCATALOG_COMPILER_APPICON_NAME = AppIcon;
				ASSETCATALOG_COMPILER_GLOBAL_ACCENT_COLOR_NAME = AccentColor;
				CODE_SIGN_STYLE = Automatic;
				CURRENT_PROJECT_VERSION = 1;
				DEVELOPMENT_ASSET_PATHS = "\"EatWell/Preview Content\"";
				DEVELOPMENT_TEAM = KG4764H26Q;
				ENABLE_PREVIEWS = YES;
				GENERATE_INFOPLIST_FILE = YES;
				INFOPLIST_KEY_UIApplicationSceneManifest_Generation = YES;
				INFOPLIST_KEY_UIApplicationSupportsIndirectInputEvents = YES;
				INFOPLIST_KEY_UILaunchScreen_Generation = YES;
				INFOPLIST_KEY_UISupportedInterfaceOrientations_iPad = "UIInterfaceOrientationPortrait UIInterfaceOrientationPortraitUpsideDown UIInterfaceOrientationLandscapeLeft UIInterfaceOrientationLandscapeRight";
				INFOPLIST_KEY_UISupportedInterfaceOrientations_iPhone = "UIInterfaceOrientationPortrait UIInterfaceOrientationLandscapeLeft UIInterfaceOrientationLandscapeRight";
				LD_RUNPATH_SEARCH_PATHS = (
					"$(inherited)",
					"@executable_path/Frameworks",
				);
				MARKETING_VERSION = 1.0;
				PRODUCT_BUNDLE_IDENTIFIER = com.tugbazengin.EatWell;
				PRODUCT_NAME = "$(TARGET_NAME)";
				SWIFT_EMIT_LOC_STRINGS = YES;
				SWIFT_VERSION = 5.0;
				TARGETED_DEVICE_FAMILY = "1,2";
			};
			name = Debug;
		};
		61523B522D959DD700887FEF /* Release */ = {
			isa = XCBuildConfiguration;
			buildSettings = {
				ASSETCATALOG_COMPILER_APPICON_NAME = AppIcon;
				ASSETCATALOG_COMPILER_GLOBAL_ACCENT_COLOR_NAME = AccentColor;
				CODE_SIGN_STYLE = Automatic;
				CURRENT_PROJECT_VERSION = 1;
				DEVELOPMENT_ASSET_PATHS = "\"EatWell/Preview Content\"";
				DEVELOPMENT_TEAM = KG4764H26Q;
				ENABLE_PREVIEWS = YES;
				GENERATE_INFOPLIST_FILE = YES;
				INFOPLIST_KEY_UIApplicationSceneManifest_Generation = YES;
				INFOPLIST_KEY_UIApplicationSupportsIndirectInputEvents = YES;
				INFOPLIST_KEY_UILaunchScreen_Generation = YES;
				INFOPLIST_KEY_UISupportedInterfaceOrientations_iPad = "UIInterfaceOrientationPortrait UIInterfaceOrientationPortraitUpsideDown UIInterfaceOrientationLandscapeLeft UIInterfaceOrientationLandscapeRight";
				INFOPLIST_KEY_UISupportedInterfaceOrientations_iPhone = "UIInterfaceOrientationPortrait UIInterfaceOrientationLandscapeLeft UIInterfaceOrientationLandscapeRight";
				LD_RUNPATH_SEARCH_PATHS = (
					"$(inherited)",
					"@executable_path/Frameworks",
				);
				MARKETING_VERSION = 1.0;
				PRODUCT_BUNDLE_IDENTIFIER = com.tugbazengin.EatWell;
				PRODUCT_NAME = "$(TARGET_NAME)";
				SWIFT_EMIT_LOC_STRINGS = YES;
				SWIFT_VERSION = 5.0;
				TARGETED_DEVICE_FAMILY = "1,2";
			};
			name = Release;
		};
		61523B542D959DD700887FEF /* Debug */ = {
			isa = XCBuildConfiguration;
			buildSettings = {
				BUNDLE_LOADER = "$(TEST_HOST)";
				CODE_SIGN_STYLE = Automatic;
				CURRENT_PROJECT_VERSION = 1;
				DEVELOPMENT_TEAM = KG4764H26Q;
				GENERATE_INFOPLIST_FILE = YES;
				IPHONEOS_DEPLOYMENT_TARGET = 18.2;
				MARKETING_VERSION = 1.0;
				PRODUCT_BUNDLE_IDENTIFIER = com.tugbazengin.EatWellTests;
				PRODUCT_NAME = "$(TARGET_NAME)";
				SWIFT_EMIT_LOC_STRINGS = NO;
				SWIFT_VERSION = 5.0;
				TARGETED_DEVICE_FAMILY = "1,2";
				TEST_HOST = "$(BUILT_PRODUCTS_DIR)/EatWell.app/$(BUNDLE_EXECUTABLE_FOLDER_PATH)/EatWell";
			};
			name = Debug;
		};
		61523B552D959DD700887FEF /* Release */ = {
			isa = XCBuildConfiguration;
			buildSettings = {
				BUNDLE_LOADER = "$(TEST_HOST)";
				CODE_SIGN_STYLE = Automatic;
				CURRENT_PROJECT_VERSION = 1;
				DEVELOPMENT_TEAM = KG4764H26Q;
				GENERATE_INFOPLIST_FILE = YES;
				IPHONEOS_DEPLOYMENT_TARGET = 18.2;
				MARKETING_VERSION = 1.0;
				PRODUCT_BUNDLE_IDENTIFIER = com.tugbazengin.EatWellTests;
				PRODUCT_NAME = "$(TARGET_NAME)";
				SWIFT_EMIT_LOC_STRINGS = NO;
				SWIFT_VERSION = 5.0;
				TARGETED_DEVICE_FAMILY = "1,2";
				TEST_HOST = "$(BUILT_PRODUCTS_DIR)/EatWell.app/$(BUNDLE_EXECUTABLE_FOLDER_PATH)/EatWell";
			};
			name = Release;
		};
		61523B572D959DD700887FEF /* Debug */ = {
			isa = XCBuildConfiguration;
			buildSettings = {
				CODE_SIGN_STYLE = Automatic;
				CURRENT_PROJECT_VERSION = 1;
				DEVELOPMENT_TEAM = KG4764H26Q;
				GENERATE_INFOPLIST_FILE = YES;
				MARKETING_VERSION = 1.0;
				PRODUCT_BUNDLE_IDENTIFIER = com.tugbazengin.EatWellUITests;
				PRODUCT_NAME = "$(TARGET_NAME)";
				SWIFT_EMIT_LOC_STRINGS = NO;
				SWIFT_VERSION = 5.0;
				TARGETED_DEVICE_FAMILY = "1,2";
				TEST_TARGET_NAME = EatWell;
			};
			name = Debug;
		};
		61523B582D959DD700887FEF /* Release */ = {
			isa = XCBuildConfiguration;
			buildSettings = {
				CODE_SIGN_STYLE = Automatic;
				CURRENT_PROJECT_VERSION = 1;
				DEVELOPMENT_TEAM = KG4764H26Q;
				GENERATE_INFOPLIST_FILE = YES;
				MARKETING_VERSION = 1.0;
				PRODUCT_BUNDLE_IDENTIFIER = com.tugbazengin.EatWellUITests;
				PRODUCT_NAME = "$(TARGET_NAME)";
				SWIFT_EMIT_LOC_STRINGS = NO;
				SWIFT_VERSION = 5.0;
				TARGETED_DEVICE_FAMILY = "1,2";
				TEST_TARGET_NAME = EatWell;
			};
			name = Release;
		};
/* End XCBuildConfiguration section */

/* Begin XCConfigurationList section */
		61523B272D959DD400887FEF /* Build configuration list for PBXProject "EatWell" */ = {
			isa = XCConfigurationList;
			buildConfigurations = (
				61523B4E2D959DD700887FEF /* Debug */,
				61523B4F2D959DD700887FEF /* Release */,
			);
			defaultConfigurationIsVisible = 0;
			defaultConfigurationName = Release;
		};
		61523B502D959DD700887FEF /* Build configuration list for PBXNativeTarget "EatWell" */ = {
			isa = XCConfigurationList;
			buildConfigurations = (
				61523B512D959DD700887FEF /* Debug */,
				61523B522D959DD700887FEF /* Release */,
			);
			defaultConfigurationIsVisible = 0;
			defaultConfigurationName = Release;
		};
		61523B532D959DD700887FEF /* Build configuration list for PBXNativeTarget "EatWellTests" */ = {
			isa = XCConfigurationList;
			buildConfigurations = (
				61523B542D959DD700887FEF /* Debug */,
				61523B552D959DD700887FEF /* Release */,
			);
			defaultConfigurationIsVisible = 0;
			defaultConfigurationName = Release;
		};
		61523B562D959DD700887FEF /* Build configuration list for PBXNativeTarget "EatWellUITests" */ = {
			isa = XCConfigurationList;
			buildConfigurations = (
				61523B572D959DD700887FEF /* Debug */,
				61523B582D959DD700887FEF /* Release */,
			);
			defaultConfigurationIsVisible = 0;
			defaultConfigurationName = Release;
		};
/* End XCConfigurationList section */
	};
	rootObject = 61523B242D959DD400887FEF /* Project object */;
}
